
Microsoft Visual Studio Solution File, Format Version 12.00
# Visual Studio Version 16
VisualStudioVersion = 16.0.29613.14
MinimumVisualStudioVersion = 10.0.40219.1
Project("{FAE04EC0-301F-11D3-BF4B-00C04F79EFBC}") = "NestleJARApplication", "NestleJARApplication\NestleJARApplication.csproj", "{EF01E28C-0540-4018-9A85-8DD8A14315EC}"
EndProject
Global
	GlobalSection(SolutionConfigurationPlatforms) = preSolution
		Debug|Any CPU = Debug|Any CPU
		Release|Any CPU = Release|Any CPU
	EndGlobalSection
	GlobalSection(ProjectConfigurationPlatforms) = postSolution
		{EF01E28C-0540-4018-9A85-8DD8A14315EC}.Debug|Any CPU.ActiveCfg = Debug|Any CPU
		{EF01E28C-0540-4018-9A85-8DD8A14315EC}.Debug|Any CPU.Build.0 = Debug|Any CPU
		{EF01E28C-0540-4018-9A85-8DD8A14315EC}.Release|Any CPU.ActiveCfg = Release|Any CPU
		{EF01E28C-0540-4018-9A85-8DD8A14315EC}.Release|Any CPU.Build.0 = Release|Any CPU
	EndGlobalSection
	GlobalSection(SolutionProperties) = preSolution
		HideSolutionNode = FALSE
	EndGlobalSection
	GlobalSection(ExtensibilityGlobals) = postSolution
		SolutionGuid = {F7E3FB6E-3B2E-44B3-9377-258AEA60DF47}
	EndGlobalSection
EndGlobal
